// !$*UTF8*$!
{
	archiveVersion = 1;
	classes = {
	};
	objectVersion = 46;
	objects = {

/* Begin PBXBuildFile section */
		B81259FB1872F7D300525901 /* Foundation.framework in Frameworks */ = {isa = PBXBuildFile; fileRef = B81259FA1872F7D300525901 /* Foundation.framework */; };
		B81259FD1872F7D300525901 /* CoreGraphics.framework in Frameworks */ = {isa = PBXBuildFile; fileRef = B81259FC1872F7D300525901 /* CoreGraphics.framework */; };
		B81259FF1872F7D300525901 /* UIKit.framework in Frameworks */ = {isa = PBXBuildFile; fileRef = B81259FE1872F7D300525901 /* UIKit.framework */; };
		B8125A051872F7D300525901 /* InfoPlist.strings in Resources */ = {isa = PBXBuildFile; fileRef = B8125A031872F7D300525901 /* InfoPlist.strings */; };
		B8125A071872F7D300525901 /* main.m in Sources */ = {isa = PBXBuildFile; fileRef = B8125A061872F7D300525901 /* main.m */; };
		B8125A0B1872F7D300525901 /* AppDelegate.m in Sources */ = {isa = PBXBuildFile; fileRef = B8125A0A1872F7D300525901 /* AppDelegate.m */; };
		B8125A0E1872F7D300525901 /* Main.storyboard in Resources */ = {isa = PBXBuildFile; fileRef = B8125A0C1872F7D300525901 /* Main.storyboard */; };
		B8125A111872F7D300525901 /* ViewController.m in Sources */ = {isa = PBXBuildFile; fileRef = B8125A101872F7D300525901 /* ViewController.m */; };
		B8125A131872F7D300525901 /* Images.xcassets in Resources */ = {isa = PBXBuildFile; fileRef = B8125A121872F7D300525901 /* Images.xcassets */; };
		B8125A1A1872F7D400525901 /* XCTest.framework in Frameworks */ = {isa = PBXBuildFile; fileRef = B8125A191872F7D400525901 /* XCTest.framework */; };
		B8125A1B1872F7D400525901 /* Foundation.framework in Frameworks */ = {isa = PBXBuildFile; fileRef = B81259FA1872F7D300525901 /* Foundation.framework */; };
		B8125A1C1872F7D400525901 /* UIKit.framework in Frameworks */ = {isa = PBXBuildFile; fileRef = B81259FE1872F7D300525901 /* UIKit.framework */; };
		B8125A241872F7D400525901 /* InfoPlist.strings in Resources */ = {isa = PBXBuildFile; fileRef = B8125A221872F7D400525901 /* InfoPlist.strings */; };
		B8125A261872F7D400525901 /* YSUIKitHelperExampleTests.m in Sources */ = {isa = PBXBuildFile; fileRef = B8125A251872F7D400525901 /* YSUIKitHelperExampleTests.m */; };
		B8125A3218730CDC00525901 /* YSUIKitHelper.m in Sources */ = {isa = PBXBuildFile; fileRef = B8125A3118730CDC00525901 /* YSUIKitHelper.m */; };
		B8FE22811873265C00D08635 /* UINavigationController+iOS7Rotation.m in Sources */ = {isa = PBXBuildFile; fileRef = B8FE22801873265C00D08635 /* UINavigationController+iOS7Rotation.m */; };
/* End PBXBuildFile section */

/* Begin PBXContainerItemProxy section */
		B8125A1D1872F7D400525901 /* PBXContainerItemProxy */ = {
			isa = PBXContainerItemProxy;
			containerPortal = B81259EF1872F7D300525901 /* Project object */;
			proxyType = 1;
			remoteGlobalIDString = B81259F61872F7D300525901;
			remoteInfo = YSUIKitHelperExample;
		};
/* End PBXContainerItemProxy section */

/* Begin PBXFileReference section */
		B81259F71872F7D300525901 /* YSUIKitHelperExample.app */ = {isa = PBXFileReference; explicitFileType = wrapper.application; includeInIndex = 0; path = YSUIKitHelperExample.app; sourceTree = BUILT_PRODUCTS_DIR; };
		B81259FA1872F7D300525901 /* Foundation.framework */ = {isa = PBXFileReference; lastKnownFileType = wrapper.framework; name = Foundation.framework; path = System/Library/Frameworks/Foundation.framework; sourceTree = SDKROOT; };
		B81259FC1872F7D300525901 /* CoreGraphics.framework */ = {isa = PBXFileReference; lastKnownFileType = wrapper.framework; name = CoreGraphics.framework; path = System/Library/Frameworks/CoreGraphics.framework; sourceTree = SDKROOT; };
		B81259FE1872F7D300525901 /* UIKit.framework */ = {isa = PBXFileReference; lastKnownFileType = wrapper.framework; name = UIKit.framework; path = System/Library/Frameworks/UIKit.framework; sourceTree = SDKROOT; };
		B8125A021872F7D300525901 /* YSUIKitHelperExample-Info.plist */ = {isa = PBXFileReference; lastKnownFileType = text.plist.xml; path = "YSUIKitHelperExample-Info.plist"; sourceTree = "<group>"; };
		B8125A041872F7D300525901 /* en */ = {isa = PBXFileReference; lastKnownFileType = text.plist.strings; name = en; path = en.lproj/InfoPlist.strings; sourceTree = "<group>"; };
		B8125A061872F7D300525901 /* main.m */ = {isa = PBXFileReference; lastKnownFileType = sourcecode.c.objc; path = main.m; sourceTree = "<group>"; };
		B8125A081872F7D300525901 /* YSUIKitHelperExample-Prefix.pch */ = {isa = PBXFileReference; lastKnownFileType = sourcecode.c.h; path = "YSUIKitHelperExample-Prefix.pch"; sourceTree = "<group>"; };
		B8125A091872F7D300525901 /* AppDelegate.h */ = {isa = PBXFileReference; lastKnownFileType = sourcecode.c.h; path = AppDelegate.h; sourceTree = "<group>"; };
		B8125A0A1872F7D300525901 /* AppDelegate.m */ = {isa = PBXFileReference; lastKnownFileType = sourcecode.c.objc; path = AppDelegate.m; sourceTree = "<group>"; };
		B8125A0D1872F7D300525901 /* Base */ = {isa = PBXFileReference; lastKnownFileType = file.storyboard; name = Base; path = Base.lproj/Main.storyboard; sourceTree = "<group>"; };
		B8125A0F1872F7D300525901 /* ViewController.h */ = {isa = PBXFileReference; lastKnownFileType = sourcecode.c.h; path = ViewController.h; sourceTree = "<group>"; };
		B8125A101872F7D300525901 /* ViewController.m */ = {isa = PBXFileReference; lastKnownFileType = sourcecode.c.objc; path = ViewController.m; sourceTree = "<group>"; };
		B8125A121872F7D300525901 /* Images.xcassets */ = {isa = PBXFileReference; lastKnownFileType = folder.assetcatalog; path = Images.xcassets; sourceTree = "<group>"; };
		B8125A181872F7D400525901 /* YSUIKitHelperExampleTests.xctest */ = {isa = PBXFileReference; explicitFileType = wrapper.cfbundle; includeInIndex = 0; path = YSUIKitHelperExampleTests.xctest; sourceTree = BUILT_PRODUCTS_DIR; };
		B8125A191872F7D400525901 /* XCTest.framework */ = {isa = PBXFileReference; lastKnownFileType = wrapper.framework; name = XCTest.framework; path = Library/Frameworks/XCTest.framework; sourceTree = DEVELOPER_DIR; };
		B8125A211872F7D400525901 /* YSUIKitHelperExampleTests-Info.plist */ = {isa = PBXFileReference; lastKnownFileType = text.plist.xml; path = "YSUIKitHelperExampleTests-Info.plist"; sourceTree = "<group>"; };
		B8125A231872F7D400525901 /* en */ = {isa = PBXFileReference; lastKnownFileType = text.plist.strings; name = en; path = en.lproj/InfoPlist.strings; sourceTree = "<group>"; };
		B8125A251872F7D400525901 /* YSUIKitHelperExampleTests.m */ = {isa = PBXFileReference; lastKnownFileType = sourcecode.c.objc; path = YSUIKitHelperExampleTests.m; sourceTree = "<group>"; };
		B8125A3018730CDC00525901 /* YSUIKitHelper.h */ = {isa = PBXFileReference; fileEncoding = 4; lastKnownFileType = sourcecode.c.h; path = YSUIKitHelper.h; sourceTree = "<group>"; };
		B8125A3118730CDC00525901 /* YSUIKitHelper.m */ = {isa = PBXFileReference; fileEncoding = 4; lastKnownFileType = sourcecode.c.objc; path = YSUIKitHelper.m; sourceTree = "<group>"; };
		B8FE227F1873265C00D08635 /* UINavigationController+iOS7Rotation.h */ = {isa = PBXFileReference; fileEncoding = 4; lastKnownFileType = sourcecode.c.h; path = "UINavigationController+iOS7Rotation.h"; sourceTree = "<group>"; };
		B8FE22801873265C00D08635 /* UINavigationController+iOS7Rotation.m */ = {isa = PBXFileReference; fileEncoding = 4; lastKnownFileType = sourcecode.c.objc; path = "UINavigationController+iOS7Rotation.m"; sourceTree = "<group>"; };
/* End PBXFileReference section */

/* Begin PBXFrameworksBuildPhase section */
		B81259F41872F7D300525901 /* Frameworks */ = {
			isa = PBXFrameworksBuildPhase;
			buildActionMask = 2147483647;
			files = (
				B81259FD1872F7D300525901 /* CoreGraphics.framework in Frameworks */,
				B81259FF1872F7D300525901 /* UIKit.framework in Frameworks */,
				B81259FB1872F7D300525901 /* Foundation.framework in Frameworks */,
			);
			runOnlyForDeploymentPostprocessing = 0;
		};
		B8125A151872F7D400525901 /* Frameworks */ = {
			isa = PBXFrameworksBuildPhase;
			buildActionMask = 2147483647;
			files = (
				B8125A1A1872F7D400525901 /* XCTest.framework in Frameworks */,
				B8125A1C1872F7D400525901 /* UIKit.framework in Frameworks */,
				B8125A1B1872F7D400525901 /* Foundation.framework in Frameworks */,
			);
			runOnlyForDeploymentPostprocessing = 0;
		};
/* End PBXFrameworksBuildPhase section */

/* Begin PBXGroup section */
		B81259EE1872F7D300525901 = {
			isa = PBXGroup;
			children = (
				B8125A001872F7D300525901 /* YSUIKitHelperExample */,
				B8125A2F18730CDC00525901 /* YSUIKitHelper */,
				B8125A1F1872F7D400525901 /* YSUIKitHelperExampleTests */,
				B81259F91872F7D300525901 /* Frameworks */,
				B81259F81872F7D300525901 /* Products */,
			);
			sourceTree = "<group>";
		};
		B81259F81872F7D300525901 /* Products */ = {
			isa = PBXGroup;
			children = (
				B81259F71872F7D300525901 /* YSUIKitHelperExample.app */,
				B8125A181872F7D400525901 /* YSUIKitHelperExampleTests.xctest */,
			);
			name = Products;
			sourceTree = "<group>";
		};
		B81259F91872F7D300525901 /* Frameworks */ = {
			isa = PBXGroup;
			children = (
				B81259FA1872F7D300525901 /* Foundation.framework */,
				B81259FC1872F7D300525901 /* CoreGraphics.framework */,
				B81259FE1872F7D300525901 /* UIKit.framework */,
				B8125A191872F7D400525901 /* XCTest.framework */,
			);
			name = Frameworks;
			sourceTree = "<group>";
		};
		B8125A001872F7D300525901 /* YSUIKitHelperExample */ = {
			isa = PBXGroup;
			children = (
				B8125A091872F7D300525901 /* AppDelegate.h */,
				B8125A0A1872F7D300525901 /* AppDelegate.m */,
				B8125A0C1872F7D300525901 /* Main.storyboard */,
				B8125A0F1872F7D300525901 /* ViewController.h */,
				B8125A101872F7D300525901 /* ViewController.m */,
				B8FE227F1873265C00D08635 /* UINavigationController+iOS7Rotation.h */,
				B8FE22801873265C00D08635 /* UINavigationController+iOS7Rotation.m */,
				B8125A121872F7D300525901 /* Images.xcassets */,
				B8125A011872F7D300525901 /* Supporting Files */,
			);
			path = YSUIKitHelperExample;
			sourceTree = "<group>";
		};
		B8125A011872F7D300525901 /* Supporting Files */ = {
			isa = PBXGroup;
			children = (
				B8125A021872F7D300525901 /* YSUIKitHelperExample-Info.plist */,
				B8125A031872F7D300525901 /* InfoPlist.strings */,
				B8125A061872F7D300525901 /* main.m */,
				B8125A081872F7D300525901 /* YSUIKitHelperExample-Prefix.pch */,
			);
			name = "Supporting Files";
			sourceTree = "<group>";
		};
		B8125A1F1872F7D400525901 /* YSUIKitHelperExampleTests */ = {
			isa = PBXGroup;
			children = (
				B8125A251872F7D400525901 /* YSUIKitHelperExampleTests.m */,
				B8125A201872F7D400525901 /* Supporting Files */,
			);
			path = YSUIKitHelperExampleTests;
			sourceTree = "<group>";
		};
		B8125A201872F7D400525901 /* Supporting Files */ = {
			isa = PBXGroup;
			children = (
				B8125A211872F7D400525901 /* YSUIKitHelperExampleTests-Info.plist */,
				B8125A221872F7D400525901 /* InfoPlist.strings */,
			);
			name = "Supporting Files";
			sourceTree = "<group>";
		};
		B8125A2F18730CDC00525901 /* YSUIKitHelper */ = {
			isa = PBXGroup;
			children = (
				B8125A3018730CDC00525901 /* YSUIKitHelper.h */,
				B8125A3118730CDC00525901 /* YSUIKitHelper.m */,
			);
			name = YSUIKitHelper;
			path = ../../YSUIKitHelper;
			sourceTree = "<group>";
		};
/* End PBXGroup section */

/* Begin PBXNativeTarget section */
		B81259F61872F7D300525901 /* YSUIKitHelperExample */ = {
			isa = PBXNativeTarget;
			buildConfigurationList = B8125A291872F7D400525901 /* Build configuration list for PBXNativeTarget "YSUIKitHelperExample" */;
			buildPhases = (
				B81259F31872F7D300525901 /* Sources */,
				B81259F41872F7D300525901 /* Frameworks */,
				B81259F51872F7D300525901 /* Resources */,
			);
			buildRules = (
			);
			dependencies = (
			);
			name = YSUIKitHelperExample;
			productName = YSUIKitHelperExample;
			productReference = B81259F71872F7D300525901 /* YSUIKitHelperExample.app */;
			productType = "com.apple.product-type.application";
		};
		B8125A171872F7D400525901 /* YSUIKitHelperExampleTests */ = {
			isa = PBXNativeTarget;
			buildConfigurationList = B8125A2C1872F7D400525901 /* Build configuration list for PBXNativeTarget "YSUIKitHelperExampleTests" */;
			buildPhases = (
				B8125A141872F7D400525901 /* Sources */,
				B8125A151872F7D400525901 /* Frameworks */,
				B8125A161872F7D400525901 /* Resources */,
			);
			buildRules = (
			);
			dependencies = (
				B8125A1E1872F7D400525901 /* PBXTargetDependency */,
			);
			name = YSUIKitHelperExampleTests;
			productName = YSUIKitHelperExampleTests;
			productReference = B8125A181872F7D400525901 /* YSUIKitHelperExampleTests.xctest */;
			productType = "com.apple.product-type.bundle.unit-test";
		};
/* End PBXNativeTarget section */

/* Begin PBXProject section */
		B81259EF1872F7D300525901 /* Project object */ = {
			isa = PBXProject;
			attributes = {
				LastUpgradeCheck = 0500;
				ORGANIZATIONNAME = "Yu Sugawara";
				TargetAttributes = {
					B8125A171872F7D400525901 = {
						TestTargetID = B81259F61872F7D300525901;
					};
				};
			};
			buildConfigurationList = B81259F21872F7D300525901 /* Build configuration list for PBXProject "YSUIKitHelperExample" */;
			compatibilityVersion = "Xcode 3.2";
			developmentRegion = English;
			hasScannedForEncodings = 0;
			knownRegions = (
				en,
				Base,
			);
			mainGroup = B81259EE1872F7D300525901;
			productRefGroup = B81259F81872F7D300525901 /* Products */;
			projectDirPath = "";
			projectRoot = "";
			targets = (
				B81259F61872F7D300525901 /* YSUIKitHelperExample */,
				B8125A171872F7D400525901 /* YSUIKitHelperExampleTests */,
			);
		};
/* End PBXProject section */

/* Begin PBXResourcesBuildPhase section */
		B81259F51872F7D300525901 /* Resources */ = {
			isa = PBXResourcesBuildPhase;
			buildActionMask = 2147483647;
			files = (
				B8125A131872F7D300525901 /* Images.xcassets in Resources */,
				B8125A051872F7D300525901 /* InfoPlist.strings in Resources */,
				B8125A0E1872F7D300525901 /* Main.storyboard in Resources */,
			);
			runOnlyForDeploymentPostprocessing = 0;
		};
		B8125A161872F7D400525901 /* Resources */ = {
			isa = PBXResourcesBuildPhase;
			buildActionMask = 2147483647;
			files = (
				B8125A241872F7D400525901 /* InfoPlist.strings in Resources */,
			);
			runOnlyForDeploymentPostprocessing = 0;
		};
/* End PBXResourcesBuildPhase section */

/* Begin PBXSourcesBuildPhase section */
		B81259F31872F7D300525901 /* Sources */ = {
			isa = PBXSourcesBuildPhase;
			buildActionMask = 2147483647;
			files = (
				B8125A3218730CDC00525901 /* YSUIKitHelper.m in Sources */,
				B8125A111872F7D300525901 /* ViewController.m in Sources */,
				B8125A0B1872F7D300525901 /* AppDelegate.m in Sources */,
				B8125A071872F7D300525901 /* main.m in Sources */,
				B8FE22811873265C00D08635 /* UINavigationController+iOS7Rotation.m in Sources */,
			);
			runOnlyForDeploymentPostprocessing = 0;
		};
		B8125A141872F7D400525901 /* Sources */ = {
			isa = PBXSourcesBuildPhase;
			buildActionMask = 2147483647;
			files = (
				B8125A261872F7D400525901 /* YSUIKitHelperExampleTests.m in Sources */,
			);
			runOnlyForDeploymentPostprocessing = 0;
		};
/* End PBXSourcesBuildPhase section */

/* Begin PBXTargetDependency section */
		B8125A1E1872F7D400525901 /* PBXTargetDependency */ = {
			isa = PBXTargetDependency;
			target = B81259F61872F7D300525901 /* YSUIKitHelperExample */;
			targetProxy = B8125A1D1872F7D400525901 /* PBXContainerItemProxy */;
		};
/* End PBXTargetDependency section */

/* Begin PBXVariantGroup section */
		B8125A031872F7D300525901 /* InfoPlist.strings */ = {
			isa = PBXVariantGroup;
			children = (
				B8125A041872F7D300525901 /* en */,
			);
			name = InfoPlist.strings;
			sourceTree = "<group>";
		};
		B8125A0C1872F7D300525901 /* Main.storyboard */ = {
			isa = PBXVariantGroup;
			children = (
				B8125A0D1872F7D300525901 /* Base */,
			);
			name = Main.storyboard;
			sourceTree = "<group>";
		};
		B8125A221872F7D400525901 /* InfoPlist.strings */ = {
			isa = PBXVariantGroup;
			children = (
				B8125A231872F7D400525901 /* en */,
			);
			name = InfoPlist.strings;
			sourceTree = "<group>";
		};
/* End PBXVariantGroup section */

/* Begin XCBuildConfiguration section */
		B8125A271872F7D400525901 /* Debug */ = {
			isa = XCBuildConfiguration;
			buildSettings = {
				ALWAYS_SEARCH_USER_PATHS = NO;
				ARCHS = "$(ARCHS_STANDARD_INCLUDING_64_BIT)";
				CLANG_CXX_LANGUAGE_STANDARD = "gnu++0x";
				CLANG_CXX_LIBRARY = "libc++";
				CLANG_ENABLE_MODULES = YES;
				CLANG_ENABLE_OBJC_ARC = YES;
				CLANG_WARN_BOOL_CONVERSION = YES;
				CLANG_WARN_CONSTANT_CONVERSION = YES;
				CLANG_WARN_DIRECT_OBJC_ISA_USAGE = YES_ERROR;
				CLANG_WARN_EMPTY_BODY = YES;
				CLANG_WARN_ENUM_CONVERSION = YES;
				CLANG_WARN_INT_CONVERSION = YES;
				CLANG_WARN_OBJC_ROOT_CLASS = YES_ERROR;
				CLANG_WARN__DUPLICATE_METHOD_MATCH = YES;
				"CODE_SIGN_IDENTITY[sdk=iphoneos*]" = "iPhone Developer";
				COPY_PHASE_STRIP = NO;
				GCC_C_LANGUAGE_STANDARD = gnu99;
				GCC_DYNAMIC_NO_PIC = NO;
				GCC_OPTIMIZATION_LEVEL = 0;
				GCC_PREPROCESSOR_DEFINITIONS = (
					"DEBUG=1",
					"$(inherited)",
				);
				GCC_SYMBOLS_PRIVATE_EXTERN = NO;
				GCC_WARN_64_TO_32_BIT_CONVERSION = YES;
				GCC_WARN_ABOUT_RETURN_TYPE = YES_ERROR;
				GCC_WARN_UNDECLARED_SELECTOR = YES;
				GCC_WARN_UNINITIALIZED_AUTOS = YES;
				GCC_WARN_UNUSED_FUNCTION = YES;
				GCC_WARN_UNUSED_VARIABLE = YES;
				IPHONEOS_DEPLOYMENT_TARGET = 7.0;
				ONLY_ACTIVE_ARCH = YES;
				SDKROOT = iphoneos;
			};
			name = Debug;
		};
		B8125A281872F7D400525901 /* Release */ = {
			isa = XCBuildConfiguration;
			buildSettings = {
				ALWAYS_SEARCH_USER_PATHS = NO;
				ARCHS = "$(ARCHS_STANDARD_INCLUDING_64_BIT)";
				CLANG_CXX_LANGUAGE_STANDARD = "gnu++0x";
				CLANG_CXX_LIBRARY = "libc++";
				CLANG_ENABLE_MODULES = YES;
				CLANG_ENABLE_OBJC_ARC = YES;
				CLANG_WARN_BOOL_CONVERSION = YES;
				CLANG_WARN_CONSTANT_CONVERSION = YES;
				CLANG_WARN_DIRECT_OBJC_ISA_USAGE = YES_ERROR;
				CLANG_WARN_EMPTY_BODY = YES;
				CLANG_WARN_ENUM_CONVERSION = YES;
				CLANG_WARN_INT_CONVERSION = YES;
				CLANG_WARN_OBJC_ROOT_CLASS = YES_ERROR;
				CLANG_WARN__DUPLICATE_METHOD_MATCH = YES;
				"CODE_SIGN_IDENTITY[sdk=iphoneos*]" = "iPhone Developer";
				COPY_PHASE_STRIP = YES;
				ENABLE_NS_ASSERTIONS = NO;
				GCC_C_LANGUAGE_STANDARD = gnu99;
				GCC_WARN_64_TO_32_BIT_CONVERSION = YES;
				GCC_WARN_ABOUT_RETURN_TYPE = YES_ERROR;
				GCC_WARN_UNDECLARED_SELECTOR = YES;
				GCC_WARN_UNINITIALIZED_AUTOS = YES;
				GCC_WARN_UNUSED_FUNCTION = YES;
				GCC_WARN_UNUSED_VARIABLE = YES;
				IPHONEOS_DEPLOYMENT_TARGET = 7.0;
				SDKROOT = iphoneos;
				VALIDATE_PRODUCT = YES;
			};
			name = Release;
		};
		B8125A2A1872F7D400525901 /* Debug */ = {
			isa = XCBuildConfiguration;
			buildSettings = {
				ASSETCATALOG_COMPILER_APPICON_NAME = AppIcon;
				ASSETCATALOG_COMPILER_LAUNCHIMAGE_NAME = LaunchImage;
				GCC_PRECOMPILE_PREFIX_HEADER = YES;
				GCC_PREFIX_HEADER = "YSUIKitHelperExample/YSUIKitHelperExample-Prefix.pch";
				INFOPLIST_FILE = "YSUIKitHelperExample/YSUIKitHelperExample-Info.plist";
				IPHONEOS_DEPLOYMENT_TARGET = 6.0;
				PRODUCT_NAME = "$(TARGET_NAME)";
				WRAPPER_EXTENSION = app;
			};
			name = Debug;
		};
		B8125A2B1872F7D400525901 /* Release */ = {
			isa = XCBuildConfiguration;
			buildSettings = {
				ASSETCATALOG_COMPILER_APPICON_NAME = AppIcon;
				ASSETCATALOG_COMPILER_LAUNCHIMAGE_NAME = LaunchImage;
				GCC_PRECOMPILE_PREFIX_HEADER = YES;
				GCC_PREFIX_HEADER = "YSUIKitHelperExample/YSUIKitHelperExample-Prefix.pch";
				INFOPLIST_FILE = "YSUIKitHelperExample/YSUIKitHelperExample-Info.plist";
				IPHONEOS_DEPLOYMENT_TARGET = 6.0;
				PRODUCT_NAME = "$(TARGET_NAME)";
				WRAPPER_EXTENSION = app;
			};
			name = Release;
		};
		B8125A2D1872F7D400525901 /* Debug */ = {
			isa = XCBuildConfiguration;
			buildSettings = {
				ARCHS = "$(ARCHS_STANDARD_INCLUDING_64_BIT)";
				BUNDLE_LOADER = "$(BUILT_PRODUCTS_DIR)/YSUIKitHelperExample.app/YSUIKitHelperExample";
				FRAMEWORK_SEARCH_PATHS = (
					"$(SDKROOT)/Developer/Library/Frameworks",
					"$(inherited)",
					"$(DEVELOPER_FRAMEWORKS_DIR)",
				);
				GCC_PRECOMPILE_PREFIX_HEADER = YES;
				GCC_PREFIX_HEADER = "YSUIKitHelperExample/YSUIKitHelperExample-Prefix.pch";
				GCC_PREPROCESSOR_DEFINITIONS = (
					"DEBUG=1",
					"$(inherited)",
				);
				INFOPLIST_FILE = "YSUIKitHelperExampleTests/YSUIKitHelperExampleTests-Info.plist";
				PRODUCT_NAME = "$(TARGET_NAME)";
				TEST_HOST = "$(BUNDLE_LOADER)";
				WRAPPER_EXTENSION = xctest;
			};
			name = Debug;
		};
		B8125A2E1872F7D400525901 /* Release */ = {
			isa = XCBuildConfiguration;
			buildSettings = {
				ARCHS = "$(ARCHS_STANDARD_INCLUDING_64_BIT)";
				BUNDLE_LOADER = "$(BUILT_PRODUCTS_DIR)/YSUIKitHelperExample.app/YSUIKitHelperExample";
				FRAMEWORK_SEARCH_PATHS = (
					"$(SDKROOT)/Developer/Library/Frameworks",
					"$(inherited)",
					"$(DEVELOPER_FRAMEWORKS_DIR)",
				);
				GCC_PRECOMPILE_PREFIX_HEADER = YES;
				GCC_PREFIX_HEADER = "YSUIKitHelperExample/YSUIKitHelperExample-Prefix.pch";
				INFOPLIST_FILE = "YSUIKitHelperExampleTests/YSUIKitHelperExampleTests-Info.plist";
				PRODUCT_NAME = "$(TARGET_NAME)";
				TEST_HOST = "$(BUNDLE_LOADER)";
				WRAPPER_EXTENSION = xctest;
			};
			name = Release;
		};
/* End XCBuildConfiguration section */

/* Begin XCConfigurationList section */
		B81259F21872F7D300525901 /* Build configuration list for PBXProject "YSUIKitHelperExample" */ = {
			isa = XCConfigurationList;
			buildConfigurations = (
				B8125A271872F7D400525901 /* Debug */,
				B8125A281872F7D400525901 /* Release */,
			);
			defaultConfigurationIsVisible = 0;
			defaultConfigurationName = Release;
		};
		B8125A291872F7D400525901 /* Build configuration list for PBXNativeTarget "YSUIKitHelperExample" */ = {
			isa = XCConfigurationList;
			buildConfigurations = (
				B8125A2A1872F7D400525901 /* Debug */,
				B8125A2B1872F7D400525901 /* Release */,
			);
			defaultConfigurationIsVisible = 0;
			defaultConfigurationName = Release;
		};
		B8125A2C1872F7D400525901 /* Build configuration list for PBXNativeTarget "YSUIKitHelperExampleTests" */ = {
			isa = XCConfigurationList;
			buildConfigurations = (
				B8125A2D1872F7D400525901 /* Debug */,
				B8125A2E1872F7D400525901 /* Release */,
			);
			defaultConfigurationIsVisible = 0;
			defaultConfigurationName = Release;
		};
/* End XCConfigurationList section */
	};
	rootObject = B81259EF1872F7D300525901 /* Project object */;
}
